
Microsoft Visual Studio Solution File, Format Version 12.00
# Visual Studio Version 17
VisualStudioVersion = 17.11.35327.3
MinimumVisualStudioVersion = 10.0.40219.1
Project("{FAE04EC0-301F-11D3-BF4B-00C04F79EFBC}") = "LibraryManagement", "LibraryManagement\LibraryManagement.csproj", "{BB163A29-29FC-4C86-B8D8-E80D6EA7A4D1}"
EndProject
Global
	GlobalSection(SolutionConfigurationPlatforms) = preSolution
		Debug|Any CPU = Debug|Any CPU
		Release|Any CPU = Release|Any CPU
	EndGlobalSection
	GlobalSection(ProjectConfigurationPlatforms) = postSolution
		{BB163A29-29FC-4C86-B8D8-E80D6EA7A4D1}.Debug|Any CPU.ActiveCfg = Debug|Any CPU
		{BB163A29-29FC-4C86-B8D8-E80D6EA7A4D1}.Debug|Any CPU.Build.0 = Debug|Any CPU
		{BB163A29-29FC-4C86-B8D8-E80D6EA7A4D1}.Release|Any CPU.ActiveCfg = Release|Any CPU
		{BB163A29-29FC-4C86-B8D8-E80D6EA7A4D1}.Release|Any CPU.Build.0 = Release|Any CPU
	EndGlobalSection
	GlobalSection(SolutionProperties) = preSolution
		HideSolutionNode = FALSE
	EndGlobalSection
	GlobalSection(ExtensibilityGlobals) = postSolution
		SolutionGuid = {E984B8F5-97F2-4CB7-BA37-63E899F06AE3}
	EndGlobalSection
EndGlobal
